
Microsoft Visual Studio Solution File, Format Version 12.00
# Visual Studio Version 16
VisualStudioVersion = 16.0.31729.503
MinimumVisualStudioVersion = 10.0.40219.1
Project("{FAE04EC0-301F-11D3-BF4B-00C04F79EFBC}") = "LKS_Vaksin_API", "LKS_Vaksin_API\LKS_Vaksin_API.csproj", "{60D07450-62F1-4D8A-BF0F-F5F02E89F07A}"
EndProject
Global
	GlobalSection(SolutionConfigurationPlatforms) = preSolution
		Debug|Any CPU = Debug|Any CPU
		Release|Any CPU = Release|Any CPU
	EndGlobalSection
	GlobalSection(ProjectConfigurationPlatforms) = postSolution
		{60D07450-62F1-4D8A-BF0F-F5F02E89F07A}.Debug|Any CPU.ActiveCfg = Debug|Any CPU
		{60D07450-62F1-4D8A-BF0F-F5F02E89F07A}.Debug|Any CPU.Build.0 = Debug|Any CPU
		{60D07450-62F1-4D8A-BF0F-F5F02E89F07A}.Release|Any CPU.ActiveCfg = Release|Any CPU
		{60D07450-62F1-4D8A-BF0F-F5F02E89F07A}.Release|Any CPU.Build.0 = Release|Any CPU
	EndGlobalSection
	GlobalSection(SolutionProperties) = preSolution
		HideSolutionNode = FALSE
	EndGlobalSection
	GlobalSection(ExtensibilityGlobals) = postSolution
		SolutionGuid = {E997F63E-5D09-4B64-91A7-DA9BD126ED7B}
	EndGlobalSection
EndGlobal
